
Microsoft Visual Studio Solution File, Format Version 12.00
# Visual Studio Version 16
VisualStudioVersion = 16.0.31702.278
MinimumVisualStudioVersion = 10.0.40219.1
Project("{FAE04EC0-301F-11D3-BF4B-00C04F79EFBC}") = "LaTiendaIS2021.Presentacion", "LaTiendaIS2021.Presentacion\LaTiendaIS2021.Presentacion.csproj", "{E190EA5B-124C-4452-8A97-E44539377AB7}"
EndProject
Project("{FAE04EC0-301F-11D3-BF4B-00C04F79EFBC}") = "LaTiendaIS2021.Datos", "LaTiendaIS2021.Datos\LaTiendaIS2021.Datos.csproj", "{510B81D0-977F-41F1-9C94-F2C0A3ED95D0}"
EndProject
Project("{FAE04EC0-301F-11D3-BF4B-00C04F79EFBC}") = "LaTiendaIS2021.Dominio", "LaTiendaIS2021.Dominio\LaTiendaIS2021.Dominio.csproj", "{3F610824-7EBB-4982-A609-70E15A6FF499}"
EndProject
Project("{FAE04EC0-301F-11D3-BF4B-00C04F79EFBC}") = "LaTiendaIs2021.DatosV1", "LaTiendaIs2021.DatosV1\LaTiendaIs2021.DatosV1.csproj", "{B6901190-7AD7-4884-9A37-174BBB4905F8}"
EndProject
Project("{FAE04EC0-301F-11D3-BF4B-00C04F79EFBC}") = "LaTiendaIS2021.Test", "LaTiendaIS2021.Test\LaTiendaIS2021.Test.csproj", "{AE4ED98F-AE81-4F87-B44B-67B3C6BFF463}"
EndProject
Global
	GlobalSection(SolutionConfigurationPlatforms) = preSolution
		Debug|Any CPU = Debug|Any CPU
		Release|Any CPU = Release|Any CPU
	EndGlobalSection
	GlobalSection(ProjectConfigurationPlatforms) = postSolution
		{E190EA5B-124C-4452-8A97-E44539377AB7}.Debug|Any CPU.ActiveCfg = Debug|Any CPU
		{E190EA5B-124C-4452-8A97-E44539377AB7}.Debug|Any CPU.Build.0 = Debug|Any CPU
		{E190EA5B-124C-4452-8A97-E44539377AB7}.Release|Any CPU.ActiveCfg = Release|Any CPU
		{E190EA5B-124C-4452-8A97-E44539377AB7}.Release|Any CPU.Build.0 = Release|Any CPU
		{510B81D0-977F-41F1-9C94-F2C0A3ED95D0}.Debug|Any CPU.ActiveCfg = Debug|Any CPU
		{510B81D0-977F-41F1-9C94-F2C0A3ED95D0}.Debug|Any CPU.Build.0 = Debug|Any CPU
		{510B81D0-977F-41F1-9C94-F2C0A3ED95D0}.Release|Any CPU.ActiveCfg = Release|Any CPU
		{510B81D0-977F-41F1-9C94-F2C0A3ED95D0}.Release|Any CPU.Build.0 = Release|Any CPU
		{3F610824-7EBB-4982-A609-70E15A6FF499}.Debug|Any CPU.ActiveCfg = Debug|Any CPU
		{3F610824-7EBB-4982-A609-70E15A6FF499}.Debug|Any CPU.Build.0 = Debug|Any CPU
		{3F610824-7EBB-4982-A609-70E15A6FF499}.Release|Any CPU.ActiveCfg = Release|Any CPU
		{3F610824-7EBB-4982-A609-70E15A6FF499}.Release|Any CPU.Build.0 = Release|Any CPU
		{B6901190-7AD7-4884-9A37-174BBB4905F8}.Debug|Any CPU.ActiveCfg = Debug|Any CPU
		{B6901190-7AD7-4884-9A37-174BBB4905F8}.Debug|Any CPU.Build.0 = Debug|Any CPU
		{B6901190-7AD7-4884-9A37-174BBB4905F8}.Release|Any CPU.ActiveCfg = Release|Any CPU
		{B6901190-7AD7-4884-9A37-174BBB4905F8}.Release|Any CPU.Build.0 = Release|Any CPU
		{AE4ED98F-AE81-4F87-B44B-67B3C6BFF463}.Debug|Any CPU.ActiveCfg = Debug|Any CPU
		{AE4ED98F-AE81-4F87-B44B-67B3C6BFF463}.Debug|Any CPU.Build.0 = Debug|Any CPU
		{AE4ED98F-AE81-4F87-B44B-67B3C6BFF463}.Release|Any CPU.ActiveCfg = Release|Any CPU
		{AE4ED98F-AE81-4F87-B44B-67B3C6BFF463}.Release|Any CPU.Build.0 = Release|Any CPU
	EndGlobalSection
	GlobalSection(SolutionProperties) = preSolution
		HideSolutionNode = FALSE
	EndGlobalSection
	GlobalSection(ExtensibilityGlobals) = postSolution
		SolutionGuid = {68DBACE5-8807-4A4C-BB81-4EB562DC88C6}
	EndGlobalSection
EndGlobal
